
Microsoft Visual Studio Solution File, Format Version 12.00
# Visual Studio Version 17
VisualStudioVersion = 17.14.36327.8
MinimumVisualStudioVersion = 10.0.40219.1
Project("{FAE04EC0-301F-11D3-BF4B-00C04F79EFBC}") = "Ereoz.UI", "Ereoz.UI\Ereoz.UI.csproj", "{CD782F30-C3D4-49BC-93CA-63C6734248FD}"
EndProject
Project("{FAE04EC0-301F-11D3-BF4B-00C04F79EFBC}") = "TestEditor", "TestEditor\TestEditor.csproj", "{BE0EC721-7663-4414-B139-6D254B01EC36}"
EndProject
Global
	GlobalSection(SolutionConfigurationPlatforms) = preSolution
		Debug|Any CPU = Debug|Any CPU
		Release|Any CPU = Release|Any CPU
	EndGlobalSection
	GlobalSection(ProjectConfigurationPlatforms) = postSolution
		{CD782F30-C3D4-49BC-93CA-63C6734248FD}.Debug|Any CPU.ActiveCfg = Debug|Any CPU
		{CD782F30-C3D4-49BC-93CA-63C6734248FD}.Debug|Any CPU.Build.0 = Debug|Any CPU
		{CD782F30-C3D4-49BC-93CA-63C6734248FD}.Release|Any CPU.ActiveCfg = Release|Any CPU
		{CD782F30-C3D4-49BC-93CA-63C6734248FD}.Release|Any CPU.Build.0 = Release|Any CPU
		{BE0EC721-7663-4414-B139-6D254B01EC36}.Debug|Any CPU.ActiveCfg = Debug|Any CPU
		{BE0EC721-7663-4414-B139-6D254B01EC36}.Debug|Any CPU.Build.0 = Debug|Any CPU
		{BE0EC721-7663-4414-B139-6D254B01EC36}.Release|Any CPU.ActiveCfg = Release|Any CPU
		{BE0EC721-7663-4414-B139-6D254B01EC36}.Release|Any CPU.Build.0 = Release|Any CPU
	EndGlobalSection
	GlobalSection(SolutionProperties) = preSolution
		HideSolutionNode = FALSE
	EndGlobalSection
	GlobalSection(ExtensibilityGlobals) = postSolution
		SolutionGuid = {F8F2BED0-CA36-498E-9058-D4BA4374ABE7}
	EndGlobalSection
EndGlobal
